
Microsoft Visual Studio Solution File, Format Version 12.00
# Visual Studio Version 17
VisualStudioVersion = 17.14.36414.22 d17.14
MinimumVisualStudioVersion = 10.0.40219.1
Project("{FAE04EC0-301F-11D3-BF4B-00C04F79EFBC}") = "getBIMChecker", "getBIMChecker\getBIMChecker.csproj", "{A7FC64A7-FB8F-446F-B650-DE39E38F32EB}"
EndProject
Global
	GlobalSection(SolutionConfigurationPlatforms) = preSolution
		Debug|Any CPU = Debug|Any CPU
		Release|Any CPU = Release|Any CPU
	EndGlobalSection
	GlobalSection(ProjectConfigurationPlatforms) = postSolution
		{A7FC64A7-FB8F-446F-B650-DE39E38F32EB}.Debug|Any CPU.ActiveCfg = Debug|Any CPU
		{A7FC64A7-FB8F-446F-B650-DE39E38F32EB}.Debug|Any CPU.Build.0 = Debug|Any CPU
		{A7FC64A7-FB8F-446F-B650-DE39E38F32EB}.Release|Any CPU.ActiveCfg = Release|Any CPU
		{A7FC64A7-FB8F-446F-B650-DE39E38F32EB}.Release|Any CPU.Build.0 = Release|Any CPU
	EndGlobalSection
	GlobalSection(SolutionProperties) = preSolution
		HideSolutionNode = FALSE
	EndGlobalSection
	GlobalSection(ExtensibilityGlobals) = postSolution
		SolutionGuid = {D1978D72-86DB-4F71-835F-7E589B0722AD}
	EndGlobalSection
EndGlobal
